
Microsoft Visual Studio Solution File, Format Version 12.00
# Visual Studio Version 16
VisualStudioVersion = 16.0.31515.178
MinimumVisualStudioVersion = 10.0.40219.1
Project("{FAE04EC0-301F-11D3-BF4B-00C04F79EFBC}") = "CapaDatos", "CapaDatos\CapaDatos.csproj", "{F745D7F2-391E-423F-AAB1-B398A72C4182}"
EndProject
Project("{FAE04EC0-301F-11D3-BF4B-00C04F79EFBC}") = "CapaNegocio", "CapaNegocio\CapaNegocio.csproj", "{297D60F1-4B85-4088-BCD4-A7D18B9E8273}"
EndProject
Project("{FAE04EC0-301F-11D3-BF4B-00C04F79EFBC}") = "CapaPresentacion", "CapaPresentacion\CapaPresentacion.csproj", "{8224C5C5-0997-46D9-A7A5-2324068E5245}"
EndProject
Global
	GlobalSection(SolutionConfigurationPlatforms) = preSolution
		Debug|Any CPU = Debug|Any CPU
		Release|Any CPU = Release|Any CPU
	EndGlobalSection
	GlobalSection(ProjectConfigurationPlatforms) = postSolution
		{F745D7F2-391E-423F-AAB1-B398A72C4182}.Debug|Any CPU.ActiveCfg = Debug|Any CPU
		{F745D7F2-391E-423F-AAB1-B398A72C4182}.Debug|Any CPU.Build.0 = Debug|Any CPU
		{F745D7F2-391E-423F-AAB1-B398A72C4182}.Release|Any CPU.ActiveCfg = Release|Any CPU
		{F745D7F2-391E-423F-AAB1-B398A72C4182}.Release|Any CPU.Build.0 = Release|Any CPU
		{297D60F1-4B85-4088-BCD4-A7D18B9E8273}.Debug|Any CPU.ActiveCfg = Debug|Any CPU
		{297D60F1-4B85-4088-BCD4-A7D18B9E8273}.Debug|Any CPU.Build.0 = Debug|Any CPU
		{297D60F1-4B85-4088-BCD4-A7D18B9E8273}.Release|Any CPU.ActiveCfg = Release|Any CPU
		{297D60F1-4B85-4088-BCD4-A7D18B9E8273}.Release|Any CPU.Build.0 = Release|Any CPU
		{8224C5C5-0997-46D9-A7A5-2324068E5245}.Debug|Any CPU.ActiveCfg = Debug|Any CPU
		{8224C5C5-0997-46D9-A7A5-2324068E5245}.Debug|Any CPU.Build.0 = Debug|Any CPU
		{8224C5C5-0997-46D9-A7A5-2324068E5245}.Release|Any CPU.ActiveCfg = Release|Any CPU
		{8224C5C5-0997-46D9-A7A5-2324068E5245}.Release|Any CPU.Build.0 = Release|Any CPU
	EndGlobalSection
	GlobalSection(SolutionProperties) = preSolution
		HideSolutionNode = FALSE
	EndGlobalSection
	GlobalSection(ExtensibilityGlobals) = postSolution
		SolutionGuid = {D2B1DDC3-67AD-4DE9-8F06-85915DB9F008}
	EndGlobalSection
EndGlobal
